
Microsoft Visual Studio Solution File, Format Version 12.00
# Visual Studio Version 17
VisualStudioVersion = 17.5.002.0
MinimumVisualStudioVersion = 10.0.40219.1
Project("{9A19103F-16F7-4668-BE54-9A1E7A4F7556}") = "DigitalComicLibrary", "DigitalComicLibrary.csproj", "{4D701041-D9D1-493E-97BB-11A53F7D1E0C}"
EndProject
Global
	GlobalSection(SolutionConfigurationPlatforms) = preSolution
		Debug|Any CPU = Debug|Any CPU
		Release|Any CPU = Release|Any CPU
	EndGlobalSection
	GlobalSection(ProjectConfigurationPlatforms) = postSolution
		{4D701041-D9D1-493E-97BB-11A53F7D1E0C}.Debug|Any CPU.ActiveCfg = Debug|Any CPU
		{4D701041-D9D1-493E-97BB-11A53F7D1E0C}.Debug|Any CPU.Build.0 = Debug|Any CPU
		{4D701041-D9D1-493E-97BB-11A53F7D1E0C}.Release|Any CPU.ActiveCfg = Release|Any CPU
		{4D701041-D9D1-493E-97BB-11A53F7D1E0C}.Release|Any CPU.Build.0 = Release|Any CPU
	EndGlobalSection
	GlobalSection(SolutionProperties) = preSolution
		HideSolutionNode = FALSE
	EndGlobalSection
	GlobalSection(ExtensibilityGlobals) = postSolution
		SolutionGuid = {4191FF1E-47D6-44DB-9945-672AC8DEC6F9}
	EndGlobalSection
EndGlobal
